// !$*UTF8*$!
{
	archiveVersion = 1;
	classes = {
	};
	objectVersion = 46;
	objects = {

/* Begin PBXBuildFile section */
		2FDEB1C41E7FC59A009797DF /* AppDelegate.swift in Sources */ = {isa = PBXBuildFile; fileRef = 2FDEB1C31E7FC59A009797DF /* AppDelegate.swift */; };
		2FDEB1C91E7FC59A009797DF /* Main.storyboard in Resources */ = {isa = PBXBuildFile; fileRef = 2FDEB1C71E7FC59A009797DF /* Main.storyboard */; };
		2FDEB1CB1E7FC59A009797DF /* Assets.xcassets in Resources */ = {isa = PBXBuildFile; fileRef = 2FDEB1CA1E7FC59A009797DF /* Assets.xcassets */; };
		2FDEB1CE1E7FC59A009797DF /* LaunchScreen.storyboard in Resources */ = {isa = PBXBuildFile; fileRef = 2FDEB1CC1E7FC59A009797DF /* LaunchScreen.storyboard */; };
		2FDEB1D61E7FC8F6009797DF /* RoughCode in Resources */ = {isa = PBXBuildFile; fileRef = 2FDEB1D51E7FC8F6009797DF /* RoughCode */; };
		2FDEB1DC1E7FD55B009797DF /* ViewController.swift in Sources */ = {isa = PBXBuildFile; fileRef = 2FDEB1DB1E7FD55B009797DF /* ViewController.swift */; };
		2FDEB1DF1E7FD5AF009797DF /* ServerApi.swift in Sources */ = {isa = PBXBuildFile; fileRef = 2FDEB1DE1E7FD5AF009797DF /* ServerApi.swift */; };
		2FDEB1E11E7FD8DE009797DF /* ParseSerialization.swift in Sources */ = {isa = PBXBuildFile; fileRef = 2FDEB1E01E7FD8DE009797DF /* ParseSerialization.swift */; };
		2FDEB1E31E7FD95F009797DF /* Constants.swift in Sources */ = {isa = PBXBuildFile; fileRef = 2FDEB1E21E7FD95F009797DF /* Constants.swift */; };
		2FDEB1E51E7FE670009797DF /* PodCast.swift in Sources */ = {isa = PBXBuildFile; fileRef = 2FDEB1E41E7FE670009797DF /* PodCast.swift */; };
		2FDEB1E91E7FF7B6009797DF /* PodCastTableViewCell.swift in Sources */ = {isa = PBXBuildFile; fileRef = 2FDEB1E81E7FF7B6009797DF /* PodCastTableViewCell.swift */; };
/* End PBXBuildFile section */

/* Begin PBXFileReference section */
		2FDEB1C01E7FC59A009797DF /* AudioPlayer.app */ = {isa = PBXFileReference; explicitFileType = wrapper.application; includeInIndex = 0; path = AudioPlayer.app; sourceTree = BUILT_PRODUCTS_DIR; };
		2FDEB1C31E7FC59A009797DF /* AppDelegate.swift */ = {isa = PBXFileReference; lastKnownFileType = sourcecode.swift; path = AppDelegate.swift; sourceTree = "<group>"; };
		2FDEB1C81E7FC59A009797DF /* Base */ = {isa = PBXFileReference; lastKnownFileType = file.storyboard; name = Base; path = Base.lproj/Main.storyboard; sourceTree = "<group>"; };
		2FDEB1CA1E7FC59A009797DF /* Assets.xcassets */ = {isa = PBXFileReference; lastKnownFileType = folder.assetcatalog; path = Assets.xcassets; sourceTree = "<group>"; };
		2FDEB1CD1E7FC59A009797DF /* Base */ = {isa = PBXFileReference; lastKnownFileType = file.storyboard; name = Base; path = Base.lproj/LaunchScreen.storyboard; sourceTree = "<group>"; };
		2FDEB1CF1E7FC59A009797DF /* Info.plist */ = {isa = PBXFileReference; lastKnownFileType = text.plist.xml; path = Info.plist; sourceTree = "<group>"; };
		2FDEB1D51E7FC8F6009797DF /* RoughCode */ = {isa = PBXFileReference; fileEncoding = 4; lastKnownFileType = text; path = RoughCode; sourceTree = "<group>"; };
		2FDEB1DB1E7FD55B009797DF /* ViewController.swift */ = {isa = PBXFileReference; fileEncoding = 4; lastKnownFileType = sourcecode.swift; path = ViewController.swift; sourceTree = "<group>"; };
		2FDEB1DE1E7FD5AF009797DF /* ServerApi.swift */ = {isa = PBXFileReference; fileEncoding = 4; lastKnownFileType = sourcecode.swift; path = ServerApi.swift; sourceTree = "<group>"; };
		2FDEB1E01E7FD8DE009797DF /* ParseSerialization.swift */ = {isa = PBXFileReference; fileEncoding = 4; lastKnownFileType = sourcecode.swift; path = ParseSerialization.swift; sourceTree = "<group>"; };
		2FDEB1E21E7FD95F009797DF /* Constants.swift */ = {isa = PBXFileReference; fileEncoding = 4; lastKnownFileType = sourcecode.swift; path = Constants.swift; sourceTree = "<group>"; };
		2FDEB1E41E7FE670009797DF /* PodCast.swift */ = {isa = PBXFileReference; fileEncoding = 4; lastKnownFileType = sourcecode.swift; path = PodCast.swift; sourceTree = "<group>"; };
		2FDEB1E81E7FF7B6009797DF /* PodCastTableViewCell.swift */ = {isa = PBXFileReference; fileEncoding = 4; lastKnownFileType = sourcecode.swift; path = PodCastTableViewCell.swift; sourceTree = "<group>"; };
/* End PBXFileReference section */

/* Begin PBXFrameworksBuildPhase section */
		2FDEB1BD1E7FC59A009797DF /* Frameworks */ = {
			isa = PBXFrameworksBuildPhase;
			buildActionMask = 2147483647;
			files = (
			);
			runOnlyForDeploymentPostprocessing = 0;
		};
/* End PBXFrameworksBuildPhase section */

/* Begin PBXGroup section */
		2FDEB1B71E7FC59A009797DF = {
			isa = PBXGroup;
			children = (
				2FDEB1D51E7FC8F6009797DF /* RoughCode */,
				2FDEB1C21E7FC59A009797DF /* AudioPlayer */,
				2FDEB1C11E7FC59A009797DF /* Products */,
			);
			sourceTree = "<group>";
		};
		2FDEB1C11E7FC59A009797DF /* Products */ = {
			isa = PBXGroup;
			children = (
				2FDEB1C01E7FC59A009797DF /* AudioPlayer.app */,
			);
			name = Products;
			sourceTree = "<group>";
		};
		2FDEB1C21E7FC59A009797DF /* AudioPlayer */ = {
			isa = PBXGroup;
			children = (
				2FDEB1D71E7FD55B009797DF /* CutomClass */,
				2FDEB1D81E7FD55B009797DF /* ServerApi */,
				2FDEB1D91E7FD55B009797DF /* ViewControllers */,
				2FDEB1C31E7FC59A009797DF /* AppDelegate.swift */,
				2FDEB1C71E7FC59A009797DF /* Main.storyboard */,
				2FDEB1CA1E7FC59A009797DF /* Assets.xcassets */,
				2FDEB1CC1E7FC59A009797DF /* LaunchScreen.storyboard */,
				2FDEB1CF1E7FC59A009797DF /* Info.plist */,
			);
			path = AudioPlayer;
			sourceTree = "<group>";
		};
		2FDEB1D71E7FD55B009797DF /* CutomClass */ = {
			isa = PBXGroup;
			children = (
				2FDEB1E01E7FD8DE009797DF /* ParseSerialization.swift */,
				2FDEB1E21E7FD95F009797DF /* Constants.swift */,
			);
			path = CutomClass;
			sourceTree = "<group>";
		};
		2FDEB1D81E7FD55B009797DF /* ServerApi */ = {
			isa = PBXGroup;
			children = (
				2FDEB1DE1E7FD5AF009797DF /* ServerApi.swift */,
			);
			path = ServerApi;
			sourceTree = "<group>";
		};
		2FDEB1D91E7FD55B009797DF /* ViewControllers */ = {
			isa = PBXGroup;
			children = (
				2FDEB1DB1E7FD55B009797DF /* ViewController.swift */,
				2FDEB1DA1E7FD55B009797DF /* Models */,
			);
			path = ViewControllers;
			sourceTree = "<group>";
		};
		2FDEB1DA1E7FD55B009797DF /* Models */ = {
			isa = PBXGroup;
			children = (
				2FDEB1E41E7FE670009797DF /* PodCast.swift */,
				2FDEB1E81E7FF7B6009797DF /* PodCastTableViewCell.swift */,
			);
			path = Models;
			sourceTree = "<group>";
		};
/* End PBXGroup section */

/* Begin PBXNativeTarget section */
		2FDEB1BF1E7FC59A009797DF /* AudioPlayer */ = {
			isa = PBXNativeTarget;
			buildConfigurationList = 2FDEB1D21E7FC59A009797DF /* Build configuration list for PBXNativeTarget "AudioPlayer" */;
			buildPhases = (
				2FDEB1BC1E7FC59A009797DF /* Sources */,
				2FDEB1BD1E7FC59A009797DF /* Frameworks */,
				2FDEB1BE1E7FC59A009797DF /* Resources */,
			);
			buildRules = (
			);
			dependencies = (
			);
			name = AudioPlayer;
			productName = AudioPlayer;
			productReference = 2FDEB1C01E7FC59A009797DF /* AudioPlayer.app */;
			productType = "com.apple.product-type.application";
		};
/* End PBXNativeTarget section */

/* Begin PBXProject section */
		2FDEB1B81E7FC59A009797DF /* Project object */ = {
			isa = PBXProject;
			attributes = {
				LastSwiftUpdateCheck = 0820;
				LastUpgradeCheck = 0820;
				ORGANIZATIONNAME = "Manali Gaur";
				TargetAttributes = {
					2FDEB1BF1E7FC59A009797DF = {
						CreatedOnToolsVersion = 8.2.1;
						ProvisioningStyle = Automatic;
					};
				};
			};
			buildConfigurationList = 2FDEB1BB1E7FC59A009797DF /* Build configuration list for PBXProject "AudioPlayer" */;
			compatibilityVersion = "Xcode 3.2";
			developmentRegion = English;
			hasScannedForEncodings = 0;
			knownRegions = (
				en,
				Base,
			);
			mainGroup = 2FDEB1B71E7FC59A009797DF;
			productRefGroup = 2FDEB1C11E7FC59A009797DF /* Products */;
			projectDirPath = "";
			projectRoot = "";
			targets = (
				2FDEB1BF1E7FC59A009797DF /* AudioPlayer */,
			);
		};
/* End PBXProject section */

/* Begin PBXResourcesBuildPhase section */
		2FDEB1BE1E7FC59A009797DF /* Resources */ = {
			isa = PBXResourcesBuildPhase;
			buildActionMask = 2147483647;
			files = (
				2FDEB1CE1E7FC59A009797DF /* LaunchScreen.storyboard in Resources */,
				2FDEB1D61E7FC8F6009797DF /* RoughCode in Resources */,
				2FDEB1CB1E7FC59A009797DF /* Assets.xcassets in Resources */,
				2FDEB1C91E7FC59A009797DF /* Main.storyboard in Resources */,
			);
			runOnlyForDeploymentPostprocessing = 0;
		};
/* End PBXResourcesBuildPhase section */

/* Begin PBXSourcesBuildPhase section */
		2FDEB1BC1E7FC59A009797DF /* Sources */ = {
			isa = PBXSourcesBuildPhase;
			buildActionMask = 2147483647;
			files = (
				2FDEB1E31E7FD95F009797DF /* Constants.swift in Sources */,
				2FDEB1E11E7FD8DE009797DF /* ParseSerialization.swift in Sources */,
				2FDEB1E51E7FE670009797DF /* PodCast.swift in Sources */,
				2FDEB1DC1E7FD55B009797DF /* ViewController.swift in Sources */,
				2FDEB1C41E7FC59A009797DF /* AppDelegate.swift in Sources */,
				2FDEB1E91E7FF7B6009797DF /* PodCastTableViewCell.swift in Sources */,
				2FDEB1DF1E7FD5AF009797DF /* ServerApi.swift in Sources */,
			);
			runOnlyForDeploymentPostprocessing = 0;
		};
/* End PBXSourcesBuildPhase section */

/* Begin PBXVariantGroup section */
		2FDEB1C71E7FC59A009797DF /* Main.storyboard */ = {
			isa = PBXVariantGroup;
			children = (
				2FDEB1C81E7FC59A009797DF /* Base */,
			);
			name = Main.storyboard;
			sourceTree = "<group>";
		};
		2FDEB1CC1E7FC59A009797DF /* LaunchScreen.storyboard */ = {
			isa = PBXVariantGroup;
			children = (
				2FDEB1CD1E7FC59A009797DF /* Base */,
			);
			name = LaunchScreen.storyboard;
			sourceTree = "<group>";
		};
/* End PBXVariantGroup section */

/* Begin XCBuildConfiguration section */
		2FDEB1D01E7FC59A009797DF /* Debug */ = {
			isa = XCBuildConfiguration;
			buildSettings = {
				ALWAYS_SEARCH_USER_PATHS = NO;
				CLANG_ANALYZER_NONNULL = YES;
				CLANG_CXX_LANGUAGE_STANDARD = "gnu++0x";
				CLANG_CXX_LIBRARY = "libc++";
				CLANG_ENABLE_MODULES = YES;
				CLANG_ENABLE_OBJC_ARC = YES;
				CLANG_WARN_BOOL_CONVERSION = YES;
				CLANG_WARN_CONSTANT_CONVERSION = YES;
				CLANG_WARN_DIRECT_OBJC_ISA_USAGE = YES_ERROR;
				CLANG_WARN_DOCUMENTATION_COMMENTS = YES;
				CLANG_WARN_EMPTY_BODY = YES;
				CLANG_WARN_ENUM_CONVERSION = YES;
				CLANG_WARN_INFINITE_RECURSION = YES;
				CLANG_WARN_INT_CONVERSION = YES;
				CLANG_WARN_OBJC_ROOT_CLASS = YES_ERROR;
				CLANG_WARN_SUSPICIOUS_MOVE = YES;
				CLANG_WARN_UNREACHABLE_CODE = YES;
				CLANG_WARN__DUPLICATE_METHOD_MATCH = YES;
				"CODE_SIGN_IDENTITY[sdk=iphoneos*]" = "iPhone Developer";
				COPY_PHASE_STRIP = NO;
				DEBUG_INFORMATION_FORMAT = dwarf;
				ENABLE_STRICT_OBJC_MSGSEND = YES;
				ENABLE_TESTABILITY = YES;
				GCC_C_LANGUAGE_STANDARD = gnu99;
				GCC_DYNAMIC_NO_PIC = NO;
				GCC_NO_COMMON_BLOCKS = YES;
				GCC_OPTIMIZATION_LEVEL = 0;
				GCC_PREPROCESSOR_DEFINITIONS = (
					"DEBUG=1",
					"$(inherited)",
				);
				GCC_WARN_64_TO_32_BIT_CONVERSION = YES;
				GCC_WARN_ABOUT_RETURN_TYPE = YES_ERROR;
				GCC_WARN_UNDECLARED_SELECTOR = YES;
				GCC_WARN_UNINITIALIZED_AUTOS = YES_AGGRESSIVE;
				GCC_WARN_UNUSED_FUNCTION = YES;
				GCC_WARN_UNUSED_VARIABLE = YES;
				IPHONEOS_DEPLOYMENT_TARGET = 10.2;
				MTL_ENABLE_DEBUG_INFO = YES;
				ONLY_ACTIVE_ARCH = YES;
				SDKROOT = iphoneos;
				SWIFT_ACTIVE_COMPILATION_CONDITIONS = DEBUG;
				SWIFT_OPTIMIZATION_LEVEL = "-Onone";
			};
			name = Debug;
		};
		2FDEB1D11E7FC59A009797DF /* Release */ = {
			isa = XCBuildConfiguration;
			buildSettings = {
				ALWAYS_SEARCH_USER_PATHS = NO;
				CLANG_ANALYZER_NONNULL = YES;
				CLANG_CXX_LANGUAGE_STANDARD = "gnu++0x";
				CLANG_CXX_LIBRARY = "libc++";
				CLANG_ENABLE_MODULES = YES;
				CLANG_ENABLE_OBJC_ARC = YES;
				CLANG_WARN_BOOL_CONVERSION = YES;
				CLANG_WARN_CONSTANT_CONVERSION = YES;
				CLANG_WARN_DIRECT_OBJC_ISA_USAGE = YES_ERROR;
				CLANG_WARN_DOCUMENTATION_COMMENTS = YES;
				CLANG_WARN_EMPTY_BODY = YES;
				CLANG_WARN_ENUM_CONVERSION = YES;
				CLANG_WARN_INFINITE_RECURSION = YES;
				CLANG_WARN_INT_CONVERSION = YES;
				CLANG_WARN_OBJC_ROOT_CLASS = YES_ERROR;
				CLANG_WARN_SUSPICIOUS_MOVE = YES;
				CLANG_WARN_UNREACHABLE_CODE = YES;
				CLANG_WARN__DUPLICATE_METHOD_MATCH = YES;
				"CODE_SIGN_IDENTITY[sdk=iphoneos*]" = "iPhone Developer";
				COPY_PHASE_STRIP = NO;
				DEBUG_INFORMATION_FORMAT = "dwarf-with-dsym";
				ENABLE_NS_ASSERTIONS = NO;
				ENABLE_STRICT_OBJC_MSGSEND = YES;
				GCC_C_LANGUAGE_STANDARD = gnu99;
				GCC_NO_COMMON_BLOCKS = YES;
				GCC_WARN_64_TO_32_BIT_CONVERSION = YES;
				GCC_WARN_ABOUT_RETURN_TYPE = YES_ERROR;
				GCC_WARN_UNDECLARED_SELECTOR = YES;
				GCC_WARN_UNINITIALIZED_AUTOS = YES_AGGRESSIVE;
				GCC_WARN_UNUSED_FUNCTION = YES;
				GCC_WARN_UNUSED_VARIABLE = YES;
				IPHONEOS_DEPLOYMENT_TARGET = 10.2;
				MTL_ENABLE_DEBUG_INFO = NO;
				SDKROOT = iphoneos;
				SWIFT_OPTIMIZATION_LEVEL = "-Owholemodule";
				VALIDATE_PRODUCT = YES;
			};
			name = Release;
		};
		2FDEB1D31E7FC59A009797DF /* Debug */ = {
			isa = XCBuildConfiguration;
			buildSettings = {
				ASSETCATALOG_COMPILER_APPICON_NAME = AppIcon;
				INFOPLIST_FILE = AudioPlayer/Info.plist;
				LD_RUNPATH_SEARCH_PATHS = "$(inherited) @executable_path/Frameworks";
				PRODUCT_BUNDLE_IDENTIFIER = com.ibm.AudioPlayer;
				PRODUCT_NAME = "$(TARGET_NAME)";
				SWIFT_VERSION = 3.0;
			};
			name = Debug;
		};
		2FDEB1D41E7FC59A009797DF /* Release */ = {
			isa = XCBuildConfiguration;
			buildSettings = {
				ASSETCATALOG_COMPILER_APPICON_NAME = AppIcon;
				INFOPLIST_FILE = AudioPlayer/Info.plist;
				LD_RUNPATH_SEARCH_PATHS = "$(inherited) @executable_path/Frameworks";
				PRODUCT_BUNDLE_IDENTIFIER = com.ibm.AudioPlayer;
				PRODUCT_NAME = "$(TARGET_NAME)";
				SWIFT_VERSION = 3.0;
			};
			name = Release;
		};
/* End XCBuildConfiguration section */

/* Begin XCConfigurationList section */
		2FDEB1BB1E7FC59A009797DF /* Build configuration list for PBXProject "AudioPlayer" */ = {
			isa = XCConfigurationList;
			buildConfigurations = (
				2FDEB1D01E7FC59A009797DF /* Debug */,
				2FDEB1D11E7FC59A009797DF /* Release */,
			);
			defaultConfigurationIsVisible = 0;
			defaultConfigurationName = Release;
		};
		2FDEB1D21E7FC59A009797DF /* Build configuration list for PBXNativeTarget "AudioPlayer" */ = {
			isa = XCConfigurationList;
			buildConfigurations = (
				2FDEB1D31E7FC59A009797DF /* Debug */,
				2FDEB1D41E7FC59A009797DF /* Release */,
			);
			defaultConfigurationIsVisible = 0;
			defaultConfigurationName = Release;
		};
/* End XCConfigurationList section */
	};
	rootObject = 2FDEB1B81E7FC59A009797DF /* Project object */;
}
